
Microsoft Visual Studio Solution File, Format Version 12.00
# Visual Studio Version 17
VisualStudioVersion = 17.8.34316.72
MinimumVisualStudioVersion = 10.0.40219.1
Project("{9A19103F-16F7-4668-BE54-9A1E7A4F7556}") = "FurnitureStore.Client", "FurnitureStore.Client\FurnitureStore.Client.csproj", "{46DF2B4A-3BD9-4509-9B45-003900A042C1}"
EndProject
Project("{9A19103F-16F7-4668-BE54-9A1E7A4F7556}") = "FurnitureStore.Server", "FurnitureStore.Server\FurnitureStore.Server.csproj", "{8686FA61-94AE-40FB-8FD7-0221849A6B55}"
EndProject
Project("{9A19103F-16F7-4668-BE54-9A1E7A4F7556}") = "FurnitureStore.Shared", "FurnitureStore.Shared\FurnitureStore.Shared.csproj", "{73A906CB-2C43-4C09-AD4A-73E61CD9B7E3}"
EndProject
Global
	GlobalSection(SolutionConfigurationPlatforms) = preSolution
		Debug|Any CPU = Debug|Any CPU
		Release|Any CPU = Release|Any CPU
	EndGlobalSection
	GlobalSection(ProjectConfigurationPlatforms) = postSolution
		{46DF2B4A-3BD9-4509-9B45-003900A042C1}.Debug|Any CPU.ActiveCfg = Debug|Any CPU
		{46DF2B4A-3BD9-4509-9B45-003900A042C1}.Debug|Any CPU.Build.0 = Debug|Any CPU
		{46DF2B4A-3BD9-4509-9B45-003900A042C1}.Release|Any CPU.ActiveCfg = Release|Any CPU
		{46DF2B4A-3BD9-4509-9B45-003900A042C1}.Release|Any CPU.Build.0 = Release|Any CPU
		{8686FA61-94AE-40FB-8FD7-0221849A6B55}.Debug|Any CPU.ActiveCfg = Debug|Any CPU
		{8686FA61-94AE-40FB-8FD7-0221849A6B55}.Debug|Any CPU.Build.0 = Debug|Any CPU
		{8686FA61-94AE-40FB-8FD7-0221849A6B55}.Release|Any CPU.ActiveCfg = Release|Any CPU
		{8686FA61-94AE-40FB-8FD7-0221849A6B55}.Release|Any CPU.Build.0 = Release|Any CPU
		{73A906CB-2C43-4C09-AD4A-73E61CD9B7E3}.Debug|Any CPU.ActiveCfg = Debug|Any CPU
		{73A906CB-2C43-4C09-AD4A-73E61CD9B7E3}.Debug|Any CPU.Build.0 = Debug|Any CPU
		{73A906CB-2C43-4C09-AD4A-73E61CD9B7E3}.Release|Any CPU.ActiveCfg = Release|Any CPU
		{73A906CB-2C43-4C09-AD4A-73E61CD9B7E3}.Release|Any CPU.Build.0 = Release|Any CPU
	EndGlobalSection
	GlobalSection(SolutionProperties) = preSolution
		HideSolutionNode = FALSE
	EndGlobalSection
	GlobalSection(ExtensibilityGlobals) = postSolution
		SolutionGuid = {C6B20620-6E02-45E6-B480-BE21CB18FAFE}
	EndGlobalSection
EndGlobal
